
Microsoft Visual Studio Solution File, Format Version 12.00
# Visual Studio Version 17
VisualStudioVersion = 17.1.32319.34
MinimumVisualStudioVersion = 10.0.40219.1
Project("{FAE04EC0-301F-11D3-BF4B-00C04F79EFBC}") = "WebApiAutores", "WebApiAutores\WebApiAutores.csproj", "{268C7D0F-3A73-4C56-8084-58FEE82391D9}"
EndProject
Global
	GlobalSection(SolutionConfigurationPlatforms) = preSolution
		Debug|Any CPU = Debug|Any CPU
		Release|Any CPU = Release|Any CPU
	EndGlobalSection
	GlobalSection(ProjectConfigurationPlatforms) = postSolution
		{268C7D0F-3A73-4C56-8084-58FEE82391D9}.Debug|Any CPU.ActiveCfg = Debug|Any CPU
		{268C7D0F-3A73-4C56-8084-58FEE82391D9}.Debug|Any CPU.Build.0 = Debug|Any CPU
		{268C7D0F-3A73-4C56-8084-58FEE82391D9}.Release|Any CPU.ActiveCfg = Release|Any CPU
		{268C7D0F-3A73-4C56-8084-58FEE82391D9}.Release|Any CPU.Build.0 = Release|Any CPU
	EndGlobalSection
	GlobalSection(SolutionProperties) = preSolution
		HideSolutionNode = FALSE
	EndGlobalSection
	GlobalSection(ExtensibilityGlobals) = postSolution
		SolutionGuid = {2BD24FD4-57EB-429C-B5AD-5E1E0E1E0D4A}
	EndGlobalSection
EndGlobal
